
Microsoft Visual Studio Solution File, Format Version 12.00
# Visual Studio Version 17
VisualStudioVersion = 17.0.31903.59
MinimumVisualStudioVersion = 10.0.40219.1
Project("{F2A71F9B-5D33-465A-A702-920D77279786}") = "Lazy", "Lazy\Lazy.fsproj", "{145F5329-A098-4243-A316-B9219F167FBF}"
EndProject
Project("{F2A71F9B-5D33-465A-A702-920D77279786}") = "Lazy.Tests", "Lazy.Tests\Lazy.Tests.fsproj", "{6CF1C743-B2BA-4B73-B037-974599939EE2}"
EndProject
Global
	GlobalSection(SolutionConfigurationPlatforms) = preSolution
		Debug|Any CPU = Debug|Any CPU
		Debug|x64 = Debug|x64
		Debug|x86 = Debug|x86
		Release|Any CPU = Release|Any CPU
		Release|x64 = Release|x64
		Release|x86 = Release|x86
	EndGlobalSection
	GlobalSection(ProjectConfigurationPlatforms) = postSolution
		{145F5329-A098-4243-A316-B9219F167FBF}.Debug|Any CPU.ActiveCfg = Debug|Any CPU
		{145F5329-A098-4243-A316-B9219F167FBF}.Debug|Any CPU.Build.0 = Debug|Any CPU
		{145F5329-A098-4243-A316-B9219F167FBF}.Debug|x64.ActiveCfg = Debug|Any CPU
		{145F5329-A098-4243-A316-B9219F167FBF}.Debug|x64.Build.0 = Debug|Any CPU
		{145F5329-A098-4243-A316-B9219F167FBF}.Debug|x86.ActiveCfg = Debug|Any CPU
		{145F5329-A098-4243-A316-B9219F167FBF}.Debug|x86.Build.0 = Debug|Any CPU
		{145F5329-A098-4243-A316-B9219F167FBF}.Release|Any CPU.ActiveCfg = Release|Any CPU
		{145F5329-A098-4243-A316-B9219F167FBF}.Release|Any CPU.Build.0 = Release|Any CPU
		{145F5329-A098-4243-A316-B9219F167FBF}.Release|x64.ActiveCfg = Release|Any CPU
		{145F5329-A098-4243-A316-B9219F167FBF}.Release|x64.Build.0 = Release|Any CPU
		{145F5329-A098-4243-A316-B9219F167FBF}.Release|x86.ActiveCfg = Release|Any CPU
		{145F5329-A098-4243-A316-B9219F167FBF}.Release|x86.Build.0 = Release|Any CPU
		{6CF1C743-B2BA-4B73-B037-974599939EE2}.Debug|Any CPU.ActiveCfg = Debug|Any CPU
		{6CF1C743-B2BA-4B73-B037-974599939EE2}.Debug|Any CPU.Build.0 = Debug|Any CPU
		{6CF1C743-B2BA-4B73-B037-974599939EE2}.Debug|x64.ActiveCfg = Debug|Any CPU
		{6CF1C743-B2BA-4B73-B037-974599939EE2}.Debug|x64.Build.0 = Debug|Any CPU
		{6CF1C743-B2BA-4B73-B037-974599939EE2}.Debug|x86.ActiveCfg = Debug|Any CPU
		{6CF1C743-B2BA-4B73-B037-974599939EE2}.Debug|x86.Build.0 = Debug|Any CPU
		{6CF1C743-B2BA-4B73-B037-974599939EE2}.Release|Any CPU.ActiveCfg = Release|Any CPU
		{6CF1C743-B2BA-4B73-B037-974599939EE2}.Release|Any CPU.Build.0 = Release|Any CPU
		{6CF1C743-B2BA-4B73-B037-974599939EE2}.Release|x64.ActiveCfg = Release|Any CPU
		{6CF1C743-B2BA-4B73-B037-974599939EE2}.Release|x64.Build.0 = Release|Any CPU
		{6CF1C743-B2BA-4B73-B037-974599939EE2}.Release|x86.ActiveCfg = Release|Any CPU
		{6CF1C743-B2BA-4B73-B037-974599939EE2}.Release|x86.Build.0 = Release|Any CPU
	EndGlobalSection
	GlobalSection(SolutionProperties) = preSolution
		HideSolutionNode = FALSE
	EndGlobalSection
EndGlobal
